// !$*UTF8*$!
{
	archiveVersion = 1;
	classes = {
	};
	objectVersion = 48;
	objects = {

/* Begin PBXBuildFile section */
		A33A6E6620B35EA30088D6F3 /* PlacemarkPresenter.swift in Sources */ = {isa = PBXBuildFile; fileRef = A33A6E6020B35EA30088D6F3 /* PlacemarkPresenter.swift */; };
		A33A6E6720B35EA30088D6F3 /* PlacemarkWorker.swift in Sources */ = {isa = PBXBuildFile; fileRef = A33A6E6120B35EA30088D6F3 /* PlacemarkWorker.swift */; };
		A33A6E6820B35EA30088D6F3 /* PlacemarkRouter.swift in Sources */ = {isa = PBXBuildFile; fileRef = A33A6E6220B35EA30088D6F3 /* PlacemarkRouter.swift */; };
		A33A6E6920B35EA30088D6F3 /* PlacemarkModels.swift in Sources */ = {isa = PBXBuildFile; fileRef = A33A6E6320B35EA30088D6F3 /* PlacemarkModels.swift */; };
		A33A6E6A20B35EA30088D6F3 /* PlacemarkViewController.swift in Sources */ = {isa = PBXBuildFile; fileRef = A33A6E6420B35EA30088D6F3 /* PlacemarkViewController.swift */; };
		A33A6E6B20B35EA30088D6F3 /* PlacemarkInteractor.swift in Sources */ = {isa = PBXBuildFile; fileRef = A33A6E6520B35EA30088D6F3 /* PlacemarkInteractor.swift */; };
		A39AB8B820B38353005A322C /* NEWCurrentAddressTests.swift in Sources */ = {isa = PBXBuildFile; fileRef = A39AB8B720B38353005A322C /* NEWCurrentAddressTests.swift */; };
		A39AB8C220B38577005A322C /* CurrentAddressTestHelpers.swift in Sources */ = {isa = PBXBuildFile; fileRef = A39AB8C120B38577005A322C /* CurrentAddressTestHelpers.swift */; };
		A3D9FF6A20AF746C0088AE19 /* AppDelegate.swift in Sources */ = {isa = PBXBuildFile; fileRef = A3D9FF6920AF746C0088AE19 /* AppDelegate.swift */; };
		A3D9FF6F20AF746C0088AE19 /* Main.storyboard in Resources */ = {isa = PBXBuildFile; fileRef = A3D9FF6D20AF746C0088AE19 /* Main.storyboard */; };
		A3D9FF7120AF746C0088AE19 /* Assets.xcassets in Resources */ = {isa = PBXBuildFile; fileRef = A3D9FF7020AF746C0088AE19 /* Assets.xcassets */; };
		A3D9FF7420AF746C0088AE19 /* LaunchScreen.storyboard in Resources */ = {isa = PBXBuildFile; fileRef = A3D9FF7220AF746C0088AE19 /* LaunchScreen.storyboard */; };
		A3D9FF8420AF77C60088AE19 /* MapPresenter.swift in Sources */ = {isa = PBXBuildFile; fileRef = A3D9FF7E20AF77C60088AE19 /* MapPresenter.swift */; };
		A3D9FF8520AF77C60088AE19 /* MapWorker.swift in Sources */ = {isa = PBXBuildFile; fileRef = A3D9FF7F20AF77C60088AE19 /* MapWorker.swift */; };
		A3D9FF8620AF77C60088AE19 /* MapRouter.swift in Sources */ = {isa = PBXBuildFile; fileRef = A3D9FF8020AF77C60088AE19 /* MapRouter.swift */; };
		A3D9FF8720AF77C60088AE19 /* MapModels.swift in Sources */ = {isa = PBXBuildFile; fileRef = A3D9FF8120AF77C60088AE19 /* MapModels.swift */; };
		A3D9FF8820AF77C60088AE19 /* MapViewController.swift in Sources */ = {isa = PBXBuildFile; fileRef = A3D9FF8220AF77C60088AE19 /* MapViewController.swift */; };
		A3D9FF8920AF77C60088AE19 /* MapInteractor.swift in Sources */ = {isa = PBXBuildFile; fileRef = A3D9FF8320AF77C60088AE19 /* MapInteractor.swift */; };
/* End PBXBuildFile section */

/* Begin PBXContainerItemProxy section */
		A39AB8BA20B38353005A322C /* PBXContainerItemProxy */ = {
			isa = PBXContainerItemProxy;
			containerPortal = A3D9FF5E20AF746C0088AE19 /* Project object */;
			proxyType = 1;
			remoteGlobalIDString = A3D9FF6520AF746C0088AE19;
			remoteInfo = NEWCurrentAddress;
		};
/* End PBXContainerItemProxy section */

/* Begin PBXFileReference section */
		A33A6E6020B35EA30088D6F3 /* PlacemarkPresenter.swift */ = {isa = PBXFileReference; lastKnownFileType = sourcecode.swift; path = PlacemarkPresenter.swift; sourceTree = "<group>"; };
		A33A6E6120B35EA30088D6F3 /* PlacemarkWorker.swift */ = {isa = PBXFileReference; lastKnownFileType = sourcecode.swift; path = PlacemarkWorker.swift; sourceTree = "<group>"; };
		A33A6E6220B35EA30088D6F3 /* PlacemarkRouter.swift */ = {isa = PBXFileReference; lastKnownFileType = sourcecode.swift; path = PlacemarkRouter.swift; sourceTree = "<group>"; };
		A33A6E6320B35EA30088D6F3 /* PlacemarkModels.swift */ = {isa = PBXFileReference; lastKnownFileType = sourcecode.swift; path = PlacemarkModels.swift; sourceTree = "<group>"; };
		A33A6E6420B35EA30088D6F3 /* PlacemarkViewController.swift */ = {isa = PBXFileReference; lastKnownFileType = sourcecode.swift; path = PlacemarkViewController.swift; sourceTree = "<group>"; };
		A33A6E6520B35EA30088D6F3 /* PlacemarkInteractor.swift */ = {isa = PBXFileReference; lastKnownFileType = sourcecode.swift; path = PlacemarkInteractor.swift; sourceTree = "<group>"; };
		A39AB8B520B38353005A322C /* NEWCurrentAddressTests.xctest */ = {isa = PBXFileReference; explicitFileType = wrapper.cfbundle; includeInIndex = 0; path = NEWCurrentAddressTests.xctest; sourceTree = BUILT_PRODUCTS_DIR; };
		A39AB8B720B38353005A322C /* NEWCurrentAddressTests.swift */ = {isa = PBXFileReference; lastKnownFileType = sourcecode.swift; path = NEWCurrentAddressTests.swift; sourceTree = "<group>"; };
		A39AB8B920B38353005A322C /* Info.plist */ = {isa = PBXFileReference; lastKnownFileType = text.plist.xml; path = Info.plist; sourceTree = "<group>"; };
		A39AB8C120B38577005A322C /* CurrentAddressTestHelpers.swift */ = {isa = PBXFileReference; lastKnownFileType = sourcecode.swift; path = CurrentAddressTestHelpers.swift; sourceTree = "<group>"; };
		A3D9FF6620AF746C0088AE19 /* NEWCurrentAddress.app */ = {isa = PBXFileReference; explicitFileType = wrapper.application; includeInIndex = 0; path = NEWCurrentAddress.app; sourceTree = BUILT_PRODUCTS_DIR; };
		A3D9FF6920AF746C0088AE19 /* AppDelegate.swift */ = {isa = PBXFileReference; lastKnownFileType = sourcecode.swift; path = AppDelegate.swift; sourceTree = "<group>"; };
		A3D9FF6E20AF746C0088AE19 /* Base */ = {isa = PBXFileReference; lastKnownFileType = file.storyboard; name = Base; path = Base.lproj/Main.storyboard; sourceTree = "<group>"; };
		A3D9FF7020AF746C0088AE19 /* Assets.xcassets */ = {isa = PBXFileReference; lastKnownFileType = folder.assetcatalog; path = Assets.xcassets; sourceTree = "<group>"; };
		A3D9FF7320AF746C0088AE19 /* Base */ = {isa = PBXFileReference; lastKnownFileType = file.storyboard; name = Base; path = Base.lproj/LaunchScreen.storyboard; sourceTree = "<group>"; };
		A3D9FF7520AF746C0088AE19 /* Info.plist */ = {isa = PBXFileReference; lastKnownFileType = text.plist.xml; path = Info.plist; sourceTree = "<group>"; };
		A3D9FF7E20AF77C60088AE19 /* MapPresenter.swift */ = {isa = PBXFileReference; lastKnownFileType = sourcecode.swift; path = MapPresenter.swift; sourceTree = "<group>"; };
		A3D9FF7F20AF77C60088AE19 /* MapWorker.swift */ = {isa = PBXFileReference; lastKnownFileType = sourcecode.swift; path = MapWorker.swift; sourceTree = "<group>"; };
		A3D9FF8020AF77C60088AE19 /* MapRouter.swift */ = {isa = PBXFileReference; lastKnownFileType = sourcecode.swift; path = MapRouter.swift; sourceTree = "<group>"; };
		A3D9FF8120AF77C60088AE19 /* MapModels.swift */ = {isa = PBXFileReference; lastKnownFileType = sourcecode.swift; path = MapModels.swift; sourceTree = "<group>"; };
		A3D9FF8220AF77C60088AE19 /* MapViewController.swift */ = {isa = PBXFileReference; lastKnownFileType = sourcecode.swift; path = MapViewController.swift; sourceTree = "<group>"; };
		A3D9FF8320AF77C60088AE19 /* MapInteractor.swift */ = {isa = PBXFileReference; lastKnownFileType = sourcecode.swift; path = MapInteractor.swift; sourceTree = "<group>"; };
/* End PBXFileReference section */

/* Begin PBXFrameworksBuildPhase section */
		A39AB8B220B38353005A322C /* Frameworks */ = {
			isa = PBXFrameworksBuildPhase;
			buildActionMask = 2147483647;
			files = (
			);
			runOnlyForDeploymentPostprocessing = 0;
		};
		A3D9FF6320AF746C0088AE19 /* Frameworks */ = {
			isa = PBXFrameworksBuildPhase;
			buildActionMask = 2147483647;
			files = (
			);
			runOnlyForDeploymentPostprocessing = 0;
		};
/* End PBXFrameworksBuildPhase section */

/* Begin PBXGroup section */
		A33A6E5F20B35E7A0088D6F3 /* Placemark */ = {
			isa = PBXGroup;
			children = (
				A33A6E6020B35EA30088D6F3 /* PlacemarkPresenter.swift */,
				A33A6E6120B35EA30088D6F3 /* PlacemarkWorker.swift */,
				A33A6E6220B35EA30088D6F3 /* PlacemarkRouter.swift */,
				A33A6E6320B35EA30088D6F3 /* PlacemarkModels.swift */,
				A33A6E6420B35EA30088D6F3 /* PlacemarkViewController.swift */,
				A33A6E6520B35EA30088D6F3 /* PlacemarkInteractor.swift */,
			);
			path = Placemark;
			sourceTree = "<group>";
		};
		A39AB8B620B38353005A322C /* NEWCurrentAddressTests */ = {
			isa = PBXGroup;
			children = (
				A39AB8B720B38353005A322C /* NEWCurrentAddressTests.swift */,
				A39AB8C120B38577005A322C /* CurrentAddressTestHelpers.swift */,
				A39AB8B920B38353005A322C /* Info.plist */,
			);
			path = NEWCurrentAddressTests;
			sourceTree = "<group>";
		};
		A3D9FF5D20AF746C0088AE19 = {
			isa = PBXGroup;
			children = (
				A3D9FF6820AF746C0088AE19 /* NEWCurrentAddress */,
				A39AB8B620B38353005A322C /* NEWCurrentAddressTests */,
				A3D9FF6720AF746C0088AE19 /* Products */,
			);
			sourceTree = "<group>";
		};
		A3D9FF6720AF746C0088AE19 /* Products */ = {
			isa = PBXGroup;
			children = (
				A3D9FF6620AF746C0088AE19 /* NEWCurrentAddress.app */,
				A39AB8B520B38353005A322C /* NEWCurrentAddressTests.xctest */,
			);
			name = Products;
			sourceTree = "<group>";
		};
		A3D9FF6820AF746C0088AE19 /* NEWCurrentAddress */ = {
			isa = PBXGroup;
			children = (
				A3D9FF6920AF746C0088AE19 /* AppDelegate.swift */,
				A3D9FF7B20AF777A0088AE19 /* Source */,
				A3D9FF6D20AF746C0088AE19 /* Main.storyboard */,
				A3D9FF7020AF746C0088AE19 /* Assets.xcassets */,
				A3D9FF7220AF746C0088AE19 /* LaunchScreen.storyboard */,
				A3D9FF7520AF746C0088AE19 /* Info.plist */,
			);
			path = NEWCurrentAddress;
			sourceTree = "<group>";
		};
		A3D9FF7B20AF777A0088AE19 /* Source */ = {
			isa = PBXGroup;
			children = (
				A3D9FF7C20AF779A0088AE19 /* Scenes */,
			);
			path = Source;
			sourceTree = "<group>";
		};
		A3D9FF7C20AF779A0088AE19 /* Scenes */ = {
			isa = PBXGroup;
			children = (
				A3D9FF7D20AF77A20088AE19 /* Map */,
				A33A6E5F20B35E7A0088D6F3 /* Placemark */,
			);
			path = Scenes;
			sourceTree = "<group>";
		};
		A3D9FF7D20AF77A20088AE19 /* Map */ = {
			isa = PBXGroup;
			children = (
				A3D9FF7E20AF77C60088AE19 /* MapPresenter.swift */,
				A3D9FF7F20AF77C60088AE19 /* MapWorker.swift */,
				A3D9FF8020AF77C60088AE19 /* MapRouter.swift */,
				A3D9FF8120AF77C60088AE19 /* MapModels.swift */,
				A3D9FF8220AF77C60088AE19 /* MapViewController.swift */,
				A3D9FF8320AF77C60088AE19 /* MapInteractor.swift */,
			);
			path = Map;
			sourceTree = "<group>";
		};
/* End PBXGroup section */

/* Begin PBXNativeTarget section */
		A39AB8B420B38353005A322C /* NEWCurrentAddressTests */ = {
			isa = PBXNativeTarget;
			buildConfigurationList = A39AB8BE20B38353005A322C /* Build configuration list for PBXNativeTarget "NEWCurrentAddressTests" */;
			buildPhases = (
				A39AB8B120B38353005A322C /* Sources */,
				A39AB8B220B38353005A322C /* Frameworks */,
				A39AB8B320B38353005A322C /* Resources */,
			);
			buildRules = (
			);
			dependencies = (
				A39AB8BB20B38353005A322C /* PBXTargetDependency */,
			);
			name = NEWCurrentAddressTests;
			productName = NEWCurrentAddressTests;
			productReference = A39AB8B520B38353005A322C /* NEWCurrentAddressTests.xctest */;
			productType = "com.apple.product-type.bundle.unit-test";
		};
		A3D9FF6520AF746C0088AE19 /* NEWCurrentAddress */ = {
			isa = PBXNativeTarget;
			buildConfigurationList = A3D9FF7820AF746C0088AE19 /* Build configuration list for PBXNativeTarget "NEWCurrentAddress" */;
			buildPhases = (
				A3D9FF6220AF746C0088AE19 /* Sources */,
				A3D9FF6320AF746C0088AE19 /* Frameworks */,
				A3D9FF6420AF746C0088AE19 /* Resources */,
			);
			buildRules = (
			);
			dependencies = (
			);
			name = NEWCurrentAddress;
			productName = NEWCurrentAddress;
			productReference = A3D9FF6620AF746C0088AE19 /* NEWCurrentAddress.app */;
			productType = "com.apple.product-type.application";
		};
/* End PBXNativeTarget section */

/* Begin PBXProject section */
		A3D9FF5E20AF746C0088AE19 /* Project object */ = {
			isa = PBXProject;
			attributes = {
				LastSwiftUpdateCheck = 0920;
				LastUpgradeCheck = 0920;
				ORGANIZATIONNAME = "Patrick Pahl";
				TargetAttributes = {
					A39AB8B420B38353005A322C = {
						CreatedOnToolsVersion = 9.2;
						ProvisioningStyle = Automatic;
						TestTargetID = A3D9FF6520AF746C0088AE19;
					};
					A3D9FF6520AF746C0088AE19 = {
						CreatedOnToolsVersion = 9.2;
						ProvisioningStyle = Automatic;
					};
				};
			};
			buildConfigurationList = A3D9FF6120AF746C0088AE19 /* Build configuration list for PBXProject "NEWCurrentAddress" */;
			compatibilityVersion = "Xcode 8.0";
			developmentRegion = en;
			hasScannedForEncodings = 0;
			knownRegions = (
				en,
				Base,
			);
			mainGroup = A3D9FF5D20AF746C0088AE19;
			productRefGroup = A3D9FF6720AF746C0088AE19 /* Products */;
			projectDirPath = "";
			projectRoot = "";
			targets = (
				A3D9FF6520AF746C0088AE19 /* NEWCurrentAddress */,
				A39AB8B420B38353005A322C /* NEWCurrentAddressTests */,
			);
		};
/* End PBXProject section */

/* Begin PBXResourcesBuildPhase section */
		A39AB8B320B38353005A322C /* Resources */ = {
			isa = PBXResourcesBuildPhase;
			buildActionMask = 2147483647;
			files = (
			);
			runOnlyForDeploymentPostprocessing = 0;
		};
		A3D9FF6420AF746C0088AE19 /* Resources */ = {
			isa = PBXResourcesBuildPhase;
			buildActionMask = 2147483647;
			files = (
				A3D9FF7420AF746C0088AE19 /* LaunchScreen.storyboard in Resources */,
				A3D9FF7120AF746C0088AE19 /* Assets.xcassets in Resources */,
				A3D9FF6F20AF746C0088AE19 /* Main.storyboard in Resources */,
			);
			runOnlyForDeploymentPostprocessing = 0;
		};
/* End PBXResourcesBuildPhase section */

/* Begin PBXSourcesBuildPhase section */
		A39AB8B120B38353005A322C /* Sources */ = {
			isa = PBXSourcesBuildPhase;
			buildActionMask = 2147483647;
			files = (
				A39AB8C220B38577005A322C /* CurrentAddressTestHelpers.swift in Sources */,
				A39AB8B820B38353005A322C /* NEWCurrentAddressTests.swift in Sources */,
			);
			runOnlyForDeploymentPostprocessing = 0;
		};
		A3D9FF6220AF746C0088AE19 /* Sources */ = {
			isa = PBXSourcesBuildPhase;
			buildActionMask = 2147483647;
			files = (
				A3D9FF6A20AF746C0088AE19 /* AppDelegate.swift in Sources */,
				A3D9FF8820AF77C60088AE19 /* MapViewController.swift in Sources */,
				A3D9FF8620AF77C60088AE19 /* MapRouter.swift in Sources */,
				A33A6E6720B35EA30088D6F3 /* PlacemarkWorker.swift in Sources */,
				A33A6E6620B35EA30088D6F3 /* PlacemarkPresenter.swift in Sources */,
				A33A6E6820B35EA30088D6F3 /* PlacemarkRouter.swift in Sources */,
				A3D9FF8420AF77C60088AE19 /* MapPresenter.swift in Sources */,
				A33A6E6A20B35EA30088D6F3 /* PlacemarkViewController.swift in Sources */,
				A3D9FF8720AF77C60088AE19 /* MapModels.swift in Sources */,
				A33A6E6920B35EA30088D6F3 /* PlacemarkModels.swift in Sources */,
				A3D9FF8920AF77C60088AE19 /* MapInteractor.swift in Sources */,
				A3D9FF8520AF77C60088AE19 /* MapWorker.swift in Sources */,
				A33A6E6B20B35EA30088D6F3 /* PlacemarkInteractor.swift in Sources */,
			);
			runOnlyForDeploymentPostprocessing = 0;
		};
/* End PBXSourcesBuildPhase section */

/* Begin PBXTargetDependency section */
		A39AB8BB20B38353005A322C /* PBXTargetDependency */ = {
			isa = PBXTargetDependency;
			target = A3D9FF6520AF746C0088AE19 /* NEWCurrentAddress */;
			targetProxy = A39AB8BA20B38353005A322C /* PBXContainerItemProxy */;
		};
/* End PBXTargetDependency section */

/* Begin PBXVariantGroup section */
		A3D9FF6D20AF746C0088AE19 /* Main.storyboard */ = {
			isa = PBXVariantGroup;
			children = (
				A3D9FF6E20AF746C0088AE19 /* Base */,
			);
			name = Main.storyboard;
			sourceTree = "<group>";
		};
		A3D9FF7220AF746C0088AE19 /* LaunchScreen.storyboard */ = {
			isa = PBXVariantGroup;
			children = (
				A3D9FF7320AF746C0088AE19 /* Base */,
			);
			name = LaunchScreen.storyboard;
			sourceTree = "<group>";
		};
/* End PBXVariantGroup section */

/* Begin XCBuildConfiguration section */
		A39AB8BC20B38353005A322C /* Debug */ = {
			isa = XCBuildConfiguration;
			buildSettings = {
				BUNDLE_LOADER = "$(TEST_HOST)";
				CODE_SIGN_STYLE = Automatic;
				DEVELOPMENT_TEAM = 7V9H5ZK35E;
				INFOPLIST_FILE = NEWCurrentAddressTests/Info.plist;
				LD_RUNPATH_SEARCH_PATHS = "$(inherited) @executable_path/Frameworks @loader_path/Frameworks";
				PRODUCT_BUNDLE_IDENTIFIER = "com.Patrick-Pahl.NEWCurrentAddressTests";
				PRODUCT_NAME = "$(TARGET_NAME)";
				SWIFT_VERSION = 4.0;
				TARGETED_DEVICE_FAMILY = "1,2";
				TEST_HOST = "$(BUILT_PRODUCTS_DIR)/NEWCurrentAddress.app/NEWCurrentAddress";
			};
			name = Debug;
		};
		A39AB8BD20B38353005A322C /* Release */ = {
			isa = XCBuildConfiguration;
			buildSettings = {
				BUNDLE_LOADER = "$(TEST_HOST)";
				CODE_SIGN_STYLE = Automatic;
				DEVELOPMENT_TEAM = 7V9H5ZK35E;
				INFOPLIST_FILE = NEWCurrentAddressTests/Info.plist;
				LD_RUNPATH_SEARCH_PATHS = "$(inherited) @executable_path/Frameworks @loader_path/Frameworks";
				PRODUCT_BUNDLE_IDENTIFIER = "com.Patrick-Pahl.NEWCurrentAddressTests";
				PRODUCT_NAME = "$(TARGET_NAME)";
				SWIFT_VERSION = 4.0;
				TARGETED_DEVICE_FAMILY = "1,2";
				TEST_HOST = "$(BUILT_PRODUCTS_DIR)/NEWCurrentAddress.app/NEWCurrentAddress";
			};
			name = Release;
		};
		A3D9FF7620AF746C0088AE19 /* Debug */ = {
			isa = XCBuildConfiguration;
			buildSettings = {
				ALWAYS_SEARCH_USER_PATHS = NO;
				CLANG_ANALYZER_NONNULL = YES;
				CLANG_ANALYZER_NUMBER_OBJECT_CONVERSION = YES_AGGRESSIVE;
				CLANG_CXX_LANGUAGE_STANDARD = "gnu++14";
				CLANG_CXX_LIBRARY = "libc++";
				CLANG_ENABLE_MODULES = YES;
				CLANG_ENABLE_OBJC_ARC = YES;
				CLANG_WARN_BLOCK_CAPTURE_AUTORELEASING = YES;
				CLANG_WARN_BOOL_CONVERSION = YES;
				CLANG_WARN_COMMA = YES;
				CLANG_WARN_CONSTANT_CONVERSION = YES;
				CLANG_WARN_DIRECT_OBJC_ISA_USAGE = YES_ERROR;
				CLANG_WARN_DOCUMENTATION_COMMENTS = YES;
				CLANG_WARN_EMPTY_BODY = YES;
				CLANG_WARN_ENUM_CONVERSION = YES;
				CLANG_WARN_INFINITE_RECURSION = YES;
				CLANG_WARN_INT_CONVERSION = YES;
				CLANG_WARN_NON_LITERAL_NULL_CONVERSION = YES;
				CLANG_WARN_OBJC_LITERAL_CONVERSION = YES;
				CLANG_WARN_OBJC_ROOT_CLASS = YES_ERROR;
				CLANG_WARN_RANGE_LOOP_ANALYSIS = YES;
				CLANG_WARN_STRICT_PROTOTYPES = YES;
				CLANG_WARN_SUSPICIOUS_MOVE = YES;
				CLANG_WARN_UNGUARDED_AVAILABILITY = YES_AGGRESSIVE;
				CLANG_WARN_UNREACHABLE_CODE = YES;
				CLANG_WARN__DUPLICATE_METHOD_MATCH = YES;
				CODE_SIGN_IDENTITY = "iPhone Developer";
				COPY_PHASE_STRIP = NO;
				DEBUG_INFORMATION_FORMAT = dwarf;
				ENABLE_STRICT_OBJC_MSGSEND = YES;
				ENABLE_TESTABILITY = YES;
				GCC_C_LANGUAGE_STANDARD = gnu11;
				GCC_DYNAMIC_NO_PIC = NO;
				GCC_NO_COMMON_BLOCKS = YES;
				GCC_OPTIMIZATION_LEVEL = 0;
				GCC_PREPROCESSOR_DEFINITIONS = (
					"DEBUG=1",
					"$(inherited)",
				);
				GCC_WARN_64_TO_32_BIT_CONVERSION = YES;
				GCC_WARN_ABOUT_RETURN_TYPE = YES_ERROR;
				GCC_WARN_UNDECLARED_SELECTOR = YES;
				GCC_WARN_UNINITIALIZED_AUTOS = YES_AGGRESSIVE;
				GCC_WARN_UNUSED_FUNCTION = YES;
				GCC_WARN_UNUSED_VARIABLE = YES;
				IPHONEOS_DEPLOYMENT_TARGET = 11.2;
				MTL_ENABLE_DEBUG_INFO = YES;
				ONLY_ACTIVE_ARCH = YES;
				SDKROOT = iphoneos;
				SWIFT_ACTIVE_COMPILATION_CONDITIONS = DEBUG;
				SWIFT_OPTIMIZATION_LEVEL = "-Onone";
			};
			name = Debug;
		};
		A3D9FF7720AF746C0088AE19 /* Release */ = {
			isa = XCBuildConfiguration;
			buildSettings = {
				ALWAYS_SEARCH_USER_PATHS = NO;
				CLANG_ANALYZER_NONNULL = YES;
				CLANG_ANALYZER_NUMBER_OBJECT_CONVERSION = YES_AGGRESSIVE;
				CLANG_CXX_LANGUAGE_STANDARD = "gnu++14";
				CLANG_CXX_LIBRARY = "libc++";
				CLANG_ENABLE_MODULES = YES;
				CLANG_ENABLE_OBJC_ARC = YES;
				CLANG_WARN_BLOCK_CAPTURE_AUTORELEASING = YES;
				CLANG_WARN_BOOL_CONVERSION = YES;
				CLANG_WARN_COMMA = YES;
				CLANG_WARN_CONSTANT_CONVERSION = YES;
				CLANG_WARN_DIRECT_OBJC_ISA_USAGE = YES_ERROR;
				CLANG_WARN_DOCUMENTATION_COMMENTS = YES;
				CLANG_WARN_EMPTY_BODY = YES;
				CLANG_WARN_ENUM_CONVERSION = YES;
				CLANG_WARN_INFINITE_RECURSION = YES;
				CLANG_WARN_INT_CONVERSION = YES;
				CLANG_WARN_NON_LITERAL_NULL_CONVERSION = YES;
				CLANG_WARN_OBJC_LITERAL_CONVERSION = YES;
				CLANG_WARN_OBJC_ROOT_CLASS = YES_ERROR;
				CLANG_WARN_RANGE_LOOP_ANALYSIS = YES;
				CLANG_WARN_STRICT_PROTOTYPES = YES;
				CLANG_WARN_SUSPICIOUS_MOVE = YES;
				CLANG_WARN_UNGUARDED_AVAILABILITY = YES_AGGRESSIVE;
				CLANG_WARN_UNREACHABLE_CODE = YES;
				CLANG_WARN__DUPLICATE_METHOD_MATCH = YES;
				CODE_SIGN_IDENTITY = "iPhone Developer";
				COPY_PHASE_STRIP = NO;
				DEBUG_INFORMATION_FORMAT = "dwarf-with-dsym";
				ENABLE_NS_ASSERTIONS = NO;
				ENABLE_STRICT_OBJC_MSGSEND = YES;
				GCC_C_LANGUAGE_STANDARD = gnu11;
				GCC_NO_COMMON_BLOCKS = YES;
				GCC_WARN_64_TO_32_BIT_CONVERSION = YES;
				GCC_WARN_ABOUT_RETURN_TYPE = YES_ERROR;
				GCC_WARN_UNDECLARED_SELECTOR = YES;
				GCC_WARN_UNINITIALIZED_AUTOS = YES_AGGRESSIVE;
				GCC_WARN_UNUSED_FUNCTION = YES;
				GCC_WARN_UNUSED_VARIABLE = YES;
				IPHONEOS_DEPLOYMENT_TARGET = 11.2;
				MTL_ENABLE_DEBUG_INFO = NO;
				SDKROOT = iphoneos;
				SWIFT_OPTIMIZATION_LEVEL = "-Owholemodule";
				VALIDATE_PRODUCT = YES;
			};
			name = Release;
		};
		A3D9FF7920AF746C0088AE19 /* Debug */ = {
			isa = XCBuildConfiguration;
			buildSettings = {
				ASSETCATALOG_COMPILER_APPICON_NAME = AppIcon;
				CODE_SIGN_STYLE = Automatic;
				DEVELOPMENT_TEAM = 7V9H5ZK35E;
				INFOPLIST_FILE = NEWCurrentAddress/Info.plist;
				LD_RUNPATH_SEARCH_PATHS = "$(inherited) @executable_path/Frameworks";
				PRODUCT_BUNDLE_IDENTIFIER = "com.Patrick-Pahl.NEWCurrentAddress";
				PRODUCT_NAME = "$(TARGET_NAME)";
				SWIFT_VERSION = 4.0;
				TARGETED_DEVICE_FAMILY = "1,2";
			};
			name = Debug;
		};
		A3D9FF7A20AF746C0088AE19 /* Release */ = {
			isa = XCBuildConfiguration;
			buildSettings = {
				ASSETCATALOG_COMPILER_APPICON_NAME = AppIcon;
				CODE_SIGN_STYLE = Automatic;
				DEVELOPMENT_TEAM = 7V9H5ZK35E;
				INFOPLIST_FILE = NEWCurrentAddress/Info.plist;
				LD_RUNPATH_SEARCH_PATHS = "$(inherited) @executable_path/Frameworks";
				PRODUCT_BUNDLE_IDENTIFIER = "com.Patrick-Pahl.NEWCurrentAddress";
				PRODUCT_NAME = "$(TARGET_NAME)";
				SWIFT_VERSION = 4.0;
				TARGETED_DEVICE_FAMILY = "1,2";
			};
			name = Release;
		};
/* End XCBuildConfiguration section */

/* Begin XCConfigurationList section */
		A39AB8BE20B38353005A322C /* Build configuration list for PBXNativeTarget "NEWCurrentAddressTests" */ = {
			isa = XCConfigurationList;
			buildConfigurations = (
				A39AB8BC20B38353005A322C /* Debug */,
				A39AB8BD20B38353005A322C /* Release */,
			);
			defaultConfigurationIsVisible = 0;
			defaultConfigurationName = Release;
		};
		A3D9FF6120AF746C0088AE19 /* Build configuration list for PBXProject "NEWCurrentAddress" */ = {
			isa = XCConfigurationList;
			buildConfigurations = (
				A3D9FF7620AF746C0088AE19 /* Debug */,
				A3D9FF7720AF746C0088AE19 /* Release */,
			);
			defaultConfigurationIsVisible = 0;
			defaultConfigurationName = Release;
		};
		A3D9FF7820AF746C0088AE19 /* Build configuration list for PBXNativeTarget "NEWCurrentAddress" */ = {
			isa = XCConfigurationList;
			buildConfigurations = (
				A3D9FF7920AF746C0088AE19 /* Debug */,
				A3D9FF7A20AF746C0088AE19 /* Release */,
			);
			defaultConfigurationIsVisible = 0;
			defaultConfigurationName = Release;
		};
/* End XCConfigurationList section */
	};
	rootObject = A3D9FF5E20AF746C0088AE19 /* Project object */;
}
